
Microsoft Visual Studio Solution File, Format Version 12.00
# Visual Studio Version 17
VisualStudioVersion = 17.3.32929.385
MinimumVisualStudioVersion = 10.0.40219.1
Project("{FAE04EC0-301F-11D3-BF4B-00C04F79EFBC}") = "FirstApp.Android", "FirstApp\FirstApp.Android\FirstApp.Android.csproj", "{9DEA7BAF-73F8-4720-9062-F0EDFB07A4AB}"
EndProject
Project("{9A19103F-16F7-4668-BE54-9A1E7A4F7556}") = "FirstApp", "FirstApp\FirstApp\FirstApp.csproj", "{A89BF895-5FFF-4700-B4AC-CE3B06D4FC42}"
EndProject
Project("{FAE04EC0-301F-11D3-BF4B-00C04F79EFBC}") = "FirstAppXml.Android", "FirstAppXml\FirstAppXml.Android\FirstAppXml.Android.csproj", "{3BC3D5E9-DB3A-4742-B7D9-8CF63099ADEB}"
EndProject
Project("{9A19103F-16F7-4668-BE54-9A1E7A4F7556}") = "FirstAppXml", "FirstAppXml\FirstAppXml\FirstAppXml.csproj", "{472D564D-411A-4F22-B434-7694E5B9E058}"
EndProject
Project("{2150E333-8FDC-42A3-9474-1A3956D46DE8}") = "FirstApp", "FirstApp", "{AEE0856F-8A4E-49D3-91B3-B85DE096E67D}"
EndProject
Project("{FAE04EC0-301F-11D3-BF4B-00C04F79EFBC}") = "ButtonApp.Android", "ButtonApp\ButtonApp.Android\ButtonApp.Android.csproj", "{CCEEB0FE-5D8B-4F38-9A27-4469B014D8CD}"
EndProject
Project("{9A19103F-16F7-4668-BE54-9A1E7A4F7556}") = "ButtonApp", "ButtonApp\ButtonApp\ButtonApp.csproj", "{BE531CD5-C962-4376-8C1E-631E6D694162}"
EndProject
Project("{FAE04EC0-301F-11D3-BF4B-00C04F79EFBC}") = "StackLayoutApp.Android", "StackLayoutApp\StackLayoutApp.Android\StackLayoutApp.Android.csproj", "{6F13A3D0-1DF1-4318-9A10-24219ED0990A}"
EndProject
Project("{9A19103F-16F7-4668-BE54-9A1E7A4F7556}") = "StackLayoutApp", "StackLayoutApp\StackLayoutApp\StackLayoutApp.csproj", "{0DFA74E6-7708-4475-80F7-19B904A7A8DC}"
EndProject
Project("{FAE04EC0-301F-11D3-BF4B-00C04F79EFBC}") = "AlignmentApp.Android", "AlignmentApp\AlignmentApp.Android\AlignmentApp.Android.csproj", "{4050D55A-9C8B-47BC-A743-5063763A95C0}"
EndProject
Project("{FAE04EC0-301F-11D3-BF4B-00C04F79EFBC}") = "AlignmentApp", "AlignmentApp\AlignmentApp\AlignmentApp.csproj", "{C07A6CCF-3AF6-4D7D-8DE7-33B18FDAA00F}"
EndProject
Global
	GlobalSection(SolutionConfigurationPlatforms) = preSolution
		Debug|Any CPU = Debug|Any CPU
		Release|Any CPU = Release|Any CPU
	EndGlobalSection
	GlobalSection(ProjectConfigurationPlatforms) = postSolution
		{9DEA7BAF-73F8-4720-9062-F0EDFB07A4AB}.Debug|Any CPU.ActiveCfg = Debug|Any CPU
		{9DEA7BAF-73F8-4720-9062-F0EDFB07A4AB}.Debug|Any CPU.Build.0 = Debug|Any CPU
		{9DEA7BAF-73F8-4720-9062-F0EDFB07A4AB}.Debug|Any CPU.Deploy.0 = Debug|Any CPU
		{9DEA7BAF-73F8-4720-9062-F0EDFB07A4AB}.Release|Any CPU.ActiveCfg = Release|Any CPU
		{9DEA7BAF-73F8-4720-9062-F0EDFB07A4AB}.Release|Any CPU.Build.0 = Release|Any CPU
		{9DEA7BAF-73F8-4720-9062-F0EDFB07A4AB}.Release|Any CPU.Deploy.0 = Release|Any CPU
		{A89BF895-5FFF-4700-B4AC-CE3B06D4FC42}.Debug|Any CPU.ActiveCfg = Debug|Any CPU
		{A89BF895-5FFF-4700-B4AC-CE3B06D4FC42}.Debug|Any CPU.Build.0 = Debug|Any CPU
		{A89BF895-5FFF-4700-B4AC-CE3B06D4FC42}.Debug|Any CPU.Deploy.0 = Debug|Any CPU
		{A89BF895-5FFF-4700-B4AC-CE3B06D4FC42}.Release|Any CPU.ActiveCfg = Release|Any CPU
		{A89BF895-5FFF-4700-B4AC-CE3B06D4FC42}.Release|Any CPU.Build.0 = Release|Any CPU
		{A89BF895-5FFF-4700-B4AC-CE3B06D4FC42}.Release|Any CPU.Deploy.0 = Release|Any CPU
		{3BC3D5E9-DB3A-4742-B7D9-8CF63099ADEB}.Debug|Any CPU.ActiveCfg = Debug|Any CPU
		{3BC3D5E9-DB3A-4742-B7D9-8CF63099ADEB}.Debug|Any CPU.Build.0 = Debug|Any CPU
		{3BC3D5E9-DB3A-4742-B7D9-8CF63099ADEB}.Debug|Any CPU.Deploy.0 = Debug|Any CPU
		{3BC3D5E9-DB3A-4742-B7D9-8CF63099ADEB}.Release|Any CPU.ActiveCfg = Release|Any CPU
		{3BC3D5E9-DB3A-4742-B7D9-8CF63099ADEB}.Release|Any CPU.Build.0 = Release|Any CPU
		{3BC3D5E9-DB3A-4742-B7D9-8CF63099ADEB}.Release|Any CPU.Deploy.0 = Release|Any CPU
		{472D564D-411A-4F22-B434-7694E5B9E058}.Debug|Any CPU.ActiveCfg = Debug|Any CPU
		{472D564D-411A-4F22-B434-7694E5B9E058}.Debug|Any CPU.Build.0 = Debug|Any CPU
		{472D564D-411A-4F22-B434-7694E5B9E058}.Release|Any CPU.ActiveCfg = Release|Any CPU
		{472D564D-411A-4F22-B434-7694E5B9E058}.Release|Any CPU.Build.0 = Release|Any CPU
		{CCEEB0FE-5D8B-4F38-9A27-4469B014D8CD}.Debug|Any CPU.ActiveCfg = Debug|Any CPU
		{CCEEB0FE-5D8B-4F38-9A27-4469B014D8CD}.Debug|Any CPU.Build.0 = Debug|Any CPU
		{CCEEB0FE-5D8B-4F38-9A27-4469B014D8CD}.Debug|Any CPU.Deploy.0 = Debug|Any CPU
		{CCEEB0FE-5D8B-4F38-9A27-4469B014D8CD}.Release|Any CPU.ActiveCfg = Release|Any CPU
		{CCEEB0FE-5D8B-4F38-9A27-4469B014D8CD}.Release|Any CPU.Build.0 = Release|Any CPU
		{CCEEB0FE-5D8B-4F38-9A27-4469B014D8CD}.Release|Any CPU.Deploy.0 = Release|Any CPU
		{BE531CD5-C962-4376-8C1E-631E6D694162}.Debug|Any CPU.ActiveCfg = Debug|Any CPU
		{BE531CD5-C962-4376-8C1E-631E6D694162}.Debug|Any CPU.Build.0 = Debug|Any CPU
		{BE531CD5-C962-4376-8C1E-631E6D694162}.Release|Any CPU.ActiveCfg = Release|Any CPU
		{BE531CD5-C962-4376-8C1E-631E6D694162}.Release|Any CPU.Build.0 = Release|Any CPU
		{6F13A3D0-1DF1-4318-9A10-24219ED0990A}.Debug|Any CPU.ActiveCfg = Debug|Any CPU
		{6F13A3D0-1DF1-4318-9A10-24219ED0990A}.Debug|Any CPU.Build.0 = Debug|Any CPU
		{6F13A3D0-1DF1-4318-9A10-24219ED0990A}.Debug|Any CPU.Deploy.0 = Debug|Any CPU
		{6F13A3D0-1DF1-4318-9A10-24219ED0990A}.Release|Any CPU.ActiveCfg = Release|Any CPU
		{6F13A3D0-1DF1-4318-9A10-24219ED0990A}.Release|Any CPU.Build.0 = Release|Any CPU
		{6F13A3D0-1DF1-4318-9A10-24219ED0990A}.Release|Any CPU.Deploy.0 = Release|Any CPU
		{0DFA74E6-7708-4475-80F7-19B904A7A8DC}.Debug|Any CPU.ActiveCfg = Debug|Any CPU
		{0DFA74E6-7708-4475-80F7-19B904A7A8DC}.Debug|Any CPU.Build.0 = Debug|Any CPU
		{0DFA74E6-7708-4475-80F7-19B904A7A8DC}.Release|Any CPU.ActiveCfg = Release|Any CPU
		{0DFA74E6-7708-4475-80F7-19B904A7A8DC}.Release|Any CPU.Build.0 = Release|Any CPU
		{4050D55A-9C8B-47BC-A743-5063763A95C0}.Debug|Any CPU.ActiveCfg = Debug|Any CPU
		{4050D55A-9C8B-47BC-A743-5063763A95C0}.Debug|Any CPU.Build.0 = Debug|Any CPU
		{4050D55A-9C8B-47BC-A743-5063763A95C0}.Debug|Any CPU.Deploy.0 = Debug|Any CPU
		{4050D55A-9C8B-47BC-A743-5063763A95C0}.Release|Any CPU.ActiveCfg = Release|Any CPU
		{4050D55A-9C8B-47BC-A743-5063763A95C0}.Release|Any CPU.Build.0 = Release|Any CPU
		{4050D55A-9C8B-47BC-A743-5063763A95C0}.Release|Any CPU.Deploy.0 = Release|Any CPU
		{C07A6CCF-3AF6-4D7D-8DE7-33B18FDAA00F}.Debug|Any CPU.ActiveCfg = Debug|Any CPU
		{C07A6CCF-3AF6-4D7D-8DE7-33B18FDAA00F}.Debug|Any CPU.Build.0 = Debug|Any CPU
		{C07A6CCF-3AF6-4D7D-8DE7-33B18FDAA00F}.Release|Any CPU.ActiveCfg = Release|Any CPU
		{C07A6CCF-3AF6-4D7D-8DE7-33B18FDAA00F}.Release|Any CPU.Build.0 = Release|Any CPU
	EndGlobalSection
	GlobalSection(SolutionProperties) = preSolution
		HideSolutionNode = FALSE
	EndGlobalSection
	GlobalSection(NestedProjects) = preSolution
		{9DEA7BAF-73F8-4720-9062-F0EDFB07A4AB} = {AEE0856F-8A4E-49D3-91B3-B85DE096E67D}
		{A89BF895-5FFF-4700-B4AC-CE3B06D4FC42} = {AEE0856F-8A4E-49D3-91B3-B85DE096E67D}
		{3BC3D5E9-DB3A-4742-B7D9-8CF63099ADEB} = {AEE0856F-8A4E-49D3-91B3-B85DE096E67D}
		{472D564D-411A-4F22-B434-7694E5B9E058} = {AEE0856F-8A4E-49D3-91B3-B85DE096E67D}
	EndGlobalSection
	GlobalSection(ExtensibilityGlobals) = postSolution
		SolutionGuid = {4C3A37D6-C36C-4D3F-9C6F-8B50F8DA884E}
	EndGlobalSection
EndGlobal
