
Microsoft Visual Studio Solution File, Format Version 12.00
# Visual Studio Version 17
VisualStudioVersion = 17.3.32929.385
MinimumVisualStudioVersion = 10.0.40219.1
Project("{FAE04EC0-301F-11D3-BF4B-00C04F79EFBC}") = "FirstApp.Android", "FirstApp\FirstApp.Android\FirstApp.Android.csproj", "{9DEA7BAF-73F8-4720-9062-F0EDFB07A4AB}"
EndProject
Project("{FAE04EC0-301F-11D3-BF4B-00C04F79EFBC}") = "FirstApp", "FirstApp\FirstApp\FirstApp.csproj", "{A89BF895-5FFF-4700-B4AC-CE3B06D4FC42}"
EndProject
Project("{FAE04EC0-301F-11D3-BF4B-00C04F79EFBC}") = "FirstAppXml.Android", "FirstAppXml\FirstAppXml.Android\FirstAppXml.Android.csproj", "{3BC3D5E9-DB3A-4742-B7D9-8CF63099ADEB}"
EndProject
Project("{FAE04EC0-301F-11D3-BF4B-00C04F79EFBC}") = "FirstAppXml", "FirstAppXml\FirstAppXml\FirstAppXml.csproj", "{472D564D-411A-4F22-B434-7694E5B9E058}"
EndProject
Project("{2150E333-8FDC-42A3-9474-1A3956D46DE8}") = "FirstApp", "FirstApp", "{AEE0856F-8A4E-49D3-91B3-B85DE096E67D}"
EndProject
Project("{FAE04EC0-301F-11D3-BF4B-00C04F79EFBC}") = "ButtonApp.Android", "ButtonApp\ButtonApp.Android\ButtonApp.Android.csproj", "{CCEEB0FE-5D8B-4F38-9A27-4469B014D8CD}"
EndProject
Project("{FAE04EC0-301F-11D3-BF4B-00C04F79EFBC}") = "ButtonApp", "ButtonApp\ButtonApp\ButtonApp.csproj", "{BE531CD5-C962-4376-8C1E-631E6D694162}"
EndProject
Global
	GlobalSection(SolutionConfigurationPlatforms) = preSolution
		Debug|Any CPU = Debug|Any CPU
		Release|Any CPU = Release|Any CPU
	EndGlobalSection
	GlobalSection(ProjectConfigurationPlatforms) = postSolution
		{9DEA7BAF-73F8-4720-9062-F0EDFB07A4AB}.Debug|Any CPU.ActiveCfg = Debug|Any CPU
		{9DEA7BAF-73F8-4720-9062-F0EDFB07A4AB}.Debug|Any CPU.Build.0 = Debug|Any CPU
		{9DEA7BAF-73F8-4720-9062-F0EDFB07A4AB}.Debug|Any CPU.Deploy.0 = Debug|Any CPU
		{9DEA7BAF-73F8-4720-9062-F0EDFB07A4AB}.Release|Any CPU.ActiveCfg = Release|Any CPU
		{9DEA7BAF-73F8-4720-9062-F0EDFB07A4AB}.Release|Any CPU.Build.0 = Release|Any CPU
		{9DEA7BAF-73F8-4720-9062-F0EDFB07A4AB}.Release|Any CPU.Deploy.0 = Release|Any CPU
		{A89BF895-5FFF-4700-B4AC-CE3B06D4FC42}.Debug|Any CPU.ActiveCfg = Debug|Any CPU
		{A89BF895-5FFF-4700-B4AC-CE3B06D4FC42}.Debug|Any CPU.Build.0 = Debug|Any CPU
		{A89BF895-5FFF-4700-B4AC-CE3B06D4FC42}.Debug|Any CPU.Deploy.0 = Debug|Any CPU
		{A89BF895-5FFF-4700-B4AC-CE3B06D4FC42}.Release|Any CPU.ActiveCfg = Release|Any CPU
		{A89BF895-5FFF-4700-B4AC-CE3B06D4FC42}.Release|Any CPU.Build.0 = Release|Any CPU
		{A89BF895-5FFF-4700-B4AC-CE3B06D4FC42}.Release|Any CPU.Deploy.0 = Release|Any CPU
		{3BC3D5E9-DB3A-4742-B7D9-8CF63099ADEB}.Debug|Any CPU.ActiveCfg = Debug|Any CPU
		{3BC3D5E9-DB3A-4742-B7D9-8CF63099ADEB}.Debug|Any CPU.Build.0 = Debug|Any CPU
		{3BC3D5E9-DB3A-4742-B7D9-8CF63099ADEB}.Debug|Any CPU.Deploy.0 = Debug|Any CPU
		{3BC3D5E9-DB3A-4742-B7D9-8CF63099ADEB}.Release|Any CPU.ActiveCfg = Release|Any CPU
		{3BC3D5E9-DB3A-4742-B7D9-8CF63099ADEB}.Release|Any CPU.Build.0 = Release|Any CPU
		{3BC3D5E9-DB3A-4742-B7D9-8CF63099ADEB}.Release|Any CPU.Deploy.0 = Release|Any CPU
		{472D564D-411A-4F22-B434-7694E5B9E058}.Debug|Any CPU.ActiveCfg = Debug|Any CPU
		{472D564D-411A-4F22-B434-7694E5B9E058}.Debug|Any CPU.Build.0 = Debug|Any CPU
		{472D564D-411A-4F22-B434-7694E5B9E058}.Release|Any CPU.ActiveCfg = Release|Any CPU
		{472D564D-411A-4F22-B434-7694E5B9E058}.Release|Any CPU.Build.0 = Release|Any CPU
		{CCEEB0FE-5D8B-4F38-9A27-4469B014D8CD}.Debug|Any CPU.ActiveCfg = Debug|Any CPU
		{CCEEB0FE-5D8B-4F38-9A27-4469B014D8CD}.Debug|Any CPU.Build.0 = Debug|Any CPU
		{CCEEB0FE-5D8B-4F38-9A27-4469B014D8CD}.Debug|Any CPU.Deploy.0 = Debug|Any CPU
		{CCEEB0FE-5D8B-4F38-9A27-4469B014D8CD}.Release|Any CPU.ActiveCfg = Release|Any CPU
		{CCEEB0FE-5D8B-4F38-9A27-4469B014D8CD}.Release|Any CPU.Build.0 = Release|Any CPU
		{CCEEB0FE-5D8B-4F38-9A27-4469B014D8CD}.Release|Any CPU.Deploy.0 = Release|Any CPU
		{BE531CD5-C962-4376-8C1E-631E6D694162}.Debug|Any CPU.ActiveCfg = Debug|Any CPU
		{BE531CD5-C962-4376-8C1E-631E6D694162}.Debug|Any CPU.Build.0 = Debug|Any CPU
		{BE531CD5-C962-4376-8C1E-631E6D694162}.Release|Any CPU.ActiveCfg = Release|Any CPU
		{BE531CD5-C962-4376-8C1E-631E6D694162}.Release|Any CPU.Build.0 = Release|Any CPU
	EndGlobalSection
	GlobalSection(SolutionProperties) = preSolution
		HideSolutionNode = FALSE
	EndGlobalSection
	GlobalSection(NestedProjects) = preSolution
		{9DEA7BAF-73F8-4720-9062-F0EDFB07A4AB} = {AEE0856F-8A4E-49D3-91B3-B85DE096E67D}
		{A89BF895-5FFF-4700-B4AC-CE3B06D4FC42} = {AEE0856F-8A4E-49D3-91B3-B85DE096E67D}
		{3BC3D5E9-DB3A-4742-B7D9-8CF63099ADEB} = {AEE0856F-8A4E-49D3-91B3-B85DE096E67D}
		{472D564D-411A-4F22-B434-7694E5B9E058} = {AEE0856F-8A4E-49D3-91B3-B85DE096E67D}
	EndGlobalSection
	GlobalSection(ExtensibilityGlobals) = postSolution
		SolutionGuid = {4C3A37D6-C36C-4D3F-9C6F-8B50F8DA884E}
	EndGlobalSection
EndGlobal
